
Microsoft Visual Studio Solution File, Format Version 12.00
# Visual Studio 15
Project("{FAE04EC0-301F-11D3-BF4B-00C04F79EFBC}") = "Assembly-CSharp", "Assembly-CSharp.csproj", "{2AF31C75-7A6A-042B-7FB5-A8A251CCD327}"
EndProject
Global
	GlobalSection(SolutionConfigurationPlatforms) = preSolution
		Debug|Any CPU = Debug|Any CPU
		Release|Any CPU = Release|Any CPU
	EndGlobalSection
	GlobalSection(ProjectConfigurationPlatforms) = postSolution
		{2AF31C75-7A6A-042B-7FB5-A8A251CCD327}.Debug|Any CPU.ActiveCfg = Debug|Any CPU
		{2AF31C75-7A6A-042B-7FB5-A8A251CCD327}.Debug|Any CPU.Build.0 = Debug|Any CPU
		{2AF31C75-7A6A-042B-7FB5-A8A251CCD327}.Release|Any CPU.ActiveCfg = Release|Any CPU
		{2AF31C75-7A6A-042B-7FB5-A8A251CCD327}.Release|Any CPU.Build.0 = Release|Any CPU
	EndGlobalSection
	GlobalSection(SolutionProperties) = preSolution
		HideSolutionNode = FALSE
	EndGlobalSection
EndGlobal
